
Microsoft Visual Studio Solution File, Format Version 12.00
Project("{2150E333-8FDC-42A3-9474-1A3956D46DE8}") = "Domain", "Domain", "{757FD6E0-42DC-4259-9825-1409DC760C65}"
EndProject
Project("{2150E333-8FDC-42A3-9474-1A3956D46DE8}") = "Persistence", "Persistence", "{D4C192CB-FC77-4E5E-94DF-0545F14E5B8D}"
EndProject
Project("{2150E333-8FDC-42A3-9474-1A3956D46DE8}") = "Presentation", "Presentation", "{D4224887-DF5D-4B00-A589-A0016385130D}"
EndProject
Project("{2150E333-8FDC-42A3-9474-1A3956D46DE8}") = "Services", "Services", "{FAB25BD8-4CBE-4E40-99C4-DB84BDECA92A}"
EndProject
Project("{2150E333-8FDC-42A3-9474-1A3956D46DE8}") = "Source", "Source", "{457818B0-D548-4988-A601-82A2CE6BD157}"
EndProject
Project("{2150E333-8FDC-42A3-9474-1A3956D46DE8}") = "Tests", "Tests", "{61E15F11-3C74-4260-BF71-BE2ED4774A58}"
EndProject
Project("{2150E333-8FDC-42A3-9474-1A3956D46DE8}") = "Domain", "Domain", "{E6CFD692-2D52-4869-84C6-DBE55BF6B863}"
EndProject
Project("{2150E333-8FDC-42A3-9474-1A3956D46DE8}") = "Services", "Services", "{25E7133E-0199-4F72-BFC0-99E7E1FCA722}"
EndProject
Project("{2150E333-8FDC-42A3-9474-1A3956D46DE8}") = "Persistence", "Persistence", "{4AC2B5C8-6DBE-4E9E-A263-76DC74E7304B}"
EndProject
Project("{2150E333-8FDC-42A3-9474-1A3956D46DE8}") = "Infrastructure", "Infrastructure", "{894940E5-4230-419C-B305-12622CC1CE93}"
EndProject
Project("{2150E333-8FDC-42A3-9474-1A3956D46DE8}") = "Adapters", "Adapters", "{D301B122-8DA4-4FBF-BD2B-3EADB4E74DBF}"
EndProject
Project("{2150E333-8FDC-42A3-9474-1A3956D46DE8}") = "Messaging", "Messaging", "{BB2D6D57-D575-4E9B-B152-660026CD57FD}"
EndProject
Project("{FAE04EC0-301F-11D3-BF4B-00C04F79EFBC}") = "Infrastructure.MessagingBus", "Infrastructure\Infrastructure.MessagingBus\Infrastructure.MessagingBus.csproj", "{088AA752-E5D9-4DC6-BF63-61A558D1F9D4}"
EndProject
Project("{FAE04EC0-301F-11D3-BF4B-00C04F79EFBC}") = "Infrastructure.Persistence.Dapper", "Infrastructure\Infrastructure.Persistence.Dapper\Infrastructure.Persistence.Dapper.csproj", "{E6473ECB-474D-4899-A771-0CB039AFA932}"
EndProject
Project("{FAE04EC0-301F-11D3-BF4B-00C04F79EFBC}") = "Infrastructure.Persistence.Memory", "Infrastructure\Infrastructure.Persistence.Memory\Infrastructure.Persistence.Memory.csproj", "{83F96AAB-41E4-4EB9-90F7-5B5F44084795}"
EndProject
Project("{FAE04EC0-301F-11D3-BF4B-00C04F79EFBC}") = "Infrastructure.Services.UserService", "Infrastructure\Infrastructure.Services.UserService\Infrastructure.Services.UserService.csproj", "{310724BF-923A-44AB-A0CE-B40AABBA6903}"
EndProject
Project("{FAE04EC0-301F-11D3-BF4B-00C04F79EFBC}") = "Adapters.Mediator", "Adapters\Adapters.Mediator\Adapters.Mediator.csproj", "{E4FDE697-A5F0-42DD-B227-0A3C66138699}"
EndProject
Project("{FAE04EC0-301F-11D3-BF4B-00C04F79EFBC}") = "Domain.Application", "Domain\Domain.Application\Domain.Application.csproj", "{08C70F33-2BD6-4FBE-B545-974B433DBCFD}"
EndProject
Project("{FAE04EC0-301F-11D3-BF4B-00C04F79EFBC}") = "Domain.Entities", "Domain\Domain.Entities\Domain.Entities.csproj", "{82535327-146A-4BBB-A14D-4515771DED19}"
EndProject
Project("{FAE04EC0-301F-11D3-BF4B-00C04F79EFBC}") = "Infrastructure.Presentation.WebApi", "Infrastructure\Infrastructure.Presentation.WebApi\Infrastructure.Presentation.WebApi.csproj", "{D16E0C31-99BF-40A1-9E13-08EF0471203F}"
EndProject
Global
	GlobalSection(SolutionConfigurationPlatforms) = preSolution
		Debug|Any CPU = Debug|Any CPU
		Release|Any CPU = Release|Any CPU
	EndGlobalSection
	GlobalSection(ProjectConfigurationPlatforms) = postSolution
		{088AA752-E5D9-4DC6-BF63-61A558D1F9D4}.Debug|Any CPU.ActiveCfg = Debug|Any CPU
		{088AA752-E5D9-4DC6-BF63-61A558D1F9D4}.Debug|Any CPU.Build.0 = Debug|Any CPU
		{088AA752-E5D9-4DC6-BF63-61A558D1F9D4}.Release|Any CPU.ActiveCfg = Release|Any CPU
		{088AA752-E5D9-4DC6-BF63-61A558D1F9D4}.Release|Any CPU.Build.0 = Release|Any CPU
		{E6473ECB-474D-4899-A771-0CB039AFA932}.Debug|Any CPU.ActiveCfg = Debug|Any CPU
		{E6473ECB-474D-4899-A771-0CB039AFA932}.Debug|Any CPU.Build.0 = Debug|Any CPU
		{E6473ECB-474D-4899-A771-0CB039AFA932}.Release|Any CPU.ActiveCfg = Release|Any CPU
		{E6473ECB-474D-4899-A771-0CB039AFA932}.Release|Any CPU.Build.0 = Release|Any CPU
		{83F96AAB-41E4-4EB9-90F7-5B5F44084795}.Debug|Any CPU.ActiveCfg = Debug|Any CPU
		{83F96AAB-41E4-4EB9-90F7-5B5F44084795}.Debug|Any CPU.Build.0 = Debug|Any CPU
		{83F96AAB-41E4-4EB9-90F7-5B5F44084795}.Release|Any CPU.ActiveCfg = Release|Any CPU
		{83F96AAB-41E4-4EB9-90F7-5B5F44084795}.Release|Any CPU.Build.0 = Release|Any CPU
		{310724BF-923A-44AB-A0CE-B40AABBA6903}.Debug|Any CPU.ActiveCfg = Debug|Any CPU
		{310724BF-923A-44AB-A0CE-B40AABBA6903}.Debug|Any CPU.Build.0 = Debug|Any CPU
		{310724BF-923A-44AB-A0CE-B40AABBA6903}.Release|Any CPU.ActiveCfg = Release|Any CPU
		{310724BF-923A-44AB-A0CE-B40AABBA6903}.Release|Any CPU.Build.0 = Release|Any CPU
		{E4FDE697-A5F0-42DD-B227-0A3C66138699}.Debug|Any CPU.ActiveCfg = Debug|Any CPU
		{E4FDE697-A5F0-42DD-B227-0A3C66138699}.Debug|Any CPU.Build.0 = Debug|Any CPU
		{E4FDE697-A5F0-42DD-B227-0A3C66138699}.Release|Any CPU.ActiveCfg = Release|Any CPU
		{E4FDE697-A5F0-42DD-B227-0A3C66138699}.Release|Any CPU.Build.0 = Release|Any CPU
		{08C70F33-2BD6-4FBE-B545-974B433DBCFD}.Debug|Any CPU.ActiveCfg = Debug|Any CPU
		{08C70F33-2BD6-4FBE-B545-974B433DBCFD}.Debug|Any CPU.Build.0 = Debug|Any CPU
		{08C70F33-2BD6-4FBE-B545-974B433DBCFD}.Release|Any CPU.ActiveCfg = Release|Any CPU
		{08C70F33-2BD6-4FBE-B545-974B433DBCFD}.Release|Any CPU.Build.0 = Release|Any CPU
		{82535327-146A-4BBB-A14D-4515771DED19}.Debug|Any CPU.ActiveCfg = Debug|Any CPU
		{82535327-146A-4BBB-A14D-4515771DED19}.Debug|Any CPU.Build.0 = Debug|Any CPU
		{82535327-146A-4BBB-A14D-4515771DED19}.Release|Any CPU.ActiveCfg = Release|Any CPU
		{82535327-146A-4BBB-A14D-4515771DED19}.Release|Any CPU.Build.0 = Release|Any CPU
		{D16E0C31-99BF-40A1-9E13-08EF0471203F}.Debug|Any CPU.ActiveCfg = Debug|Any CPU
		{D16E0C31-99BF-40A1-9E13-08EF0471203F}.Debug|Any CPU.Build.0 = Debug|Any CPU
		{D16E0C31-99BF-40A1-9E13-08EF0471203F}.Release|Any CPU.ActiveCfg = Release|Any CPU
		{D16E0C31-99BF-40A1-9E13-08EF0471203F}.Release|Any CPU.Build.0 = Release|Any CPU
	EndGlobalSection
	GlobalSection(NestedProjects) = preSolution
		{757FD6E0-42DC-4259-9825-1409DC760C65} = {457818B0-D548-4988-A601-82A2CE6BD157}
		{E6CFD692-2D52-4869-84C6-DBE55BF6B863} = {61E15F11-3C74-4260-BF71-BE2ED4774A58}
		{25E7133E-0199-4F72-BFC0-99E7E1FCA722} = {61E15F11-3C74-4260-BF71-BE2ED4774A58}
		{4AC2B5C8-6DBE-4E9E-A263-76DC74E7304B} = {61E15F11-3C74-4260-BF71-BE2ED4774A58}
		{894940E5-4230-419C-B305-12622CC1CE93} = {457818B0-D548-4988-A601-82A2CE6BD157}
		{FAB25BD8-4CBE-4E40-99C4-DB84BDECA92A} = {894940E5-4230-419C-B305-12622CC1CE93}
		{D4C192CB-FC77-4E5E-94DF-0545F14E5B8D} = {894940E5-4230-419C-B305-12622CC1CE93}
		{BB2D6D57-D575-4E9B-B152-660026CD57FD} = {894940E5-4230-419C-B305-12622CC1CE93}
		{088AA752-E5D9-4DC6-BF63-61A558D1F9D4} = {BB2D6D57-D575-4E9B-B152-660026CD57FD}
		{E6473ECB-474D-4899-A771-0CB039AFA932} = {D4C192CB-FC77-4E5E-94DF-0545F14E5B8D}
		{83F96AAB-41E4-4EB9-90F7-5B5F44084795} = {D4C192CB-FC77-4E5E-94DF-0545F14E5B8D}
		{310724BF-923A-44AB-A0CE-B40AABBA6903} = {FAB25BD8-4CBE-4E40-99C4-DB84BDECA92A}
		{D301B122-8DA4-4FBF-BD2B-3EADB4E74DBF} = {457818B0-D548-4988-A601-82A2CE6BD157}
		{E4FDE697-A5F0-42DD-B227-0A3C66138699} = {D301B122-8DA4-4FBF-BD2B-3EADB4E74DBF}
		{08C70F33-2BD6-4FBE-B545-974B433DBCFD} = {757FD6E0-42DC-4259-9825-1409DC760C65}
		{82535327-146A-4BBB-A14D-4515771DED19} = {757FD6E0-42DC-4259-9825-1409DC760C65}
		{D4224887-DF5D-4B00-A589-A0016385130D} = {894940E5-4230-419C-B305-12622CC1CE93}
		{D16E0C31-99BF-40A1-9E13-08EF0471203F} = {D4224887-DF5D-4B00-A589-A0016385130D}
	EndGlobalSection
EndGlobal
